// !$*UTF8*$!
{
	archiveVersion = 1;
	classes = {
	};
	objectVersion = 56;
	objects = {

/* Begin PBXBuildFile section */
		8416775C2A27C30000BC90C8 /* DataModel.xcdatamodeld in Sources */ = {isa = PBXBuildFile; fileRef = 8416775A2A27C30000BC90C8 /* DataModel.xcdatamodeld */; };
		841677812A28DABE00BC90C8 /* CategoryViewController.swift in Sources */ = {isa = PBXBuildFile; fileRef = 841677802A28DABE00BC90C8 /* CategoryViewController.swift */; };
		841677832A28DACC00BC90C8 /* CategoryView.swift in Sources */ = {isa = PBXBuildFile; fileRef = 841677822A28DACC00BC90C8 /* CategoryView.swift */; };
		841677862A292B4600BC90C8 /* Realm in Frameworks */ = {isa = PBXBuildFile; productRef = 841677852A292B4600BC90C8 /* Realm */; };
		841677882A292B4600BC90C8 /* RealmSwift in Frameworks */ = {isa = PBXBuildFile; productRef = 841677872A292B4600BC90C8 /* RealmSwift */; };
		8424887E2A251E5F00879877 /* AppDelegate.swift in Sources */ = {isa = PBXBuildFile; fileRef = 8424887D2A251E5F00879877 /* AppDelegate.swift */; };
		842488802A251E5F00879877 /* SceneDelegate.swift in Sources */ = {isa = PBXBuildFile; fileRef = 8424887F2A251E5F00879877 /* SceneDelegate.swift */; };
		842488872A251E6100879877 /* Assets.xcassets in Resources */ = {isa = PBXBuildFile; fileRef = 842488862A251E6100879877 /* Assets.xcassets */; };
		8424888A2A251E6100879877 /* LaunchScreen.storyboard in Resources */ = {isa = PBXBuildFile; fileRef = 842488882A251E6100879877 /* LaunchScreen.storyboard */; };
		842488962A251F2300879877 /* CustomView.swift in Sources */ = {isa = PBXBuildFile; fileRef = 842488952A251F2300879877 /* CustomView.swift */; };
		842488982A251F2E00879877 /* CustomViewController.swift in Sources */ = {isa = PBXBuildFile; fileRef = 842488972A251F2E00879877 /* CustomViewController.swift */; };
		8424889A2A251F8D00879877 /* TodoViewController.swift in Sources */ = {isa = PBXBuildFile; fileRef = 842488992A251F8D00879877 /* TodoViewController.swift */; };
		8424889C2A251F9E00879877 /* TodoView.swift in Sources */ = {isa = PBXBuildFile; fileRef = 8424889B2A251F9E00879877 /* TodoView.swift */; };
		84426AE82A2B945800772F0C /* SwipeCellKit in Frameworks */ = {isa = PBXBuildFile; productRef = 84426AE72A2B945800772F0C /* SwipeCellKit */; };
		84426AEA2A2B970E00772F0C /* SwipeCell.swift in Sources */ = {isa = PBXBuildFile; fileRef = 84426AE92A2B970E00772F0C /* SwipeCell.swift */; };
		847179552A2DD023005DE601 /* SwipeTableViewController.swift in Sources */ = {isa = PBXBuildFile; fileRef = 847179542A2DD023005DE601 /* SwipeTableViewController.swift */; };
/* End PBXBuildFile section */

/* Begin PBXFileReference section */
		8416775B2A27C30000BC90C8 /* DataModel.xcdatamodel */ = {isa = PBXFileReference; lastKnownFileType = wrapper.xcdatamodel; path = DataModel.xcdatamodel; sourceTree = "<group>"; };
		841677802A28DABE00BC90C8 /* CategoryViewController.swift */ = {isa = PBXFileReference; lastKnownFileType = sourcecode.swift; path = CategoryViewController.swift; sourceTree = "<group>"; };
		841677822A28DACC00BC90C8 /* CategoryView.swift */ = {isa = PBXFileReference; lastKnownFileType = sourcecode.swift; path = CategoryView.swift; sourceTree = "<group>"; };
		8424887A2A251E5F00879877 /* Todoey.app */ = {isa = PBXFileReference; explicitFileType = wrapper.application; includeInIndex = 0; path = Todoey.app; sourceTree = BUILT_PRODUCTS_DIR; };
		8424887D2A251E5F00879877 /* AppDelegate.swift */ = {isa = PBXFileReference; lastKnownFileType = sourcecode.swift; path = AppDelegate.swift; sourceTree = "<group>"; };
		8424887F2A251E5F00879877 /* SceneDelegate.swift */ = {isa = PBXFileReference; lastKnownFileType = sourcecode.swift; path = SceneDelegate.swift; sourceTree = "<group>"; };
		842488862A251E6100879877 /* Assets.xcassets */ = {isa = PBXFileReference; lastKnownFileType = folder.assetcatalog; path = Assets.xcassets; sourceTree = "<group>"; };
		842488892A251E6100879877 /* Base */ = {isa = PBXFileReference; lastKnownFileType = file.storyboard; name = Base; path = Base.lproj/LaunchScreen.storyboard; sourceTree = "<group>"; };
		8424888B2A251E6100879877 /* Info.plist */ = {isa = PBXFileReference; lastKnownFileType = text.plist.xml; path = Info.plist; sourceTree = "<group>"; };
		842488952A251F2300879877 /* CustomView.swift */ = {isa = PBXFileReference; lastKnownFileType = sourcecode.swift; path = CustomView.swift; sourceTree = "<group>"; };
		842488972A251F2E00879877 /* CustomViewController.swift */ = {isa = PBXFileReference; lastKnownFileType = sourcecode.swift; path = CustomViewController.swift; sourceTree = "<group>"; };
		842488992A251F8D00879877 /* TodoViewController.swift */ = {isa = PBXFileReference; lastKnownFileType = sourcecode.swift; path = TodoViewController.swift; sourceTree = "<group>"; };
		8424889B2A251F9E00879877 /* TodoView.swift */ = {isa = PBXFileReference; lastKnownFileType = sourcecode.swift; path = TodoView.swift; sourceTree = "<group>"; };
		84426AE92A2B970E00772F0C /* SwipeCell.swift */ = {isa = PBXFileReference; lastKnownFileType = sourcecode.swift; path = SwipeCell.swift; sourceTree = "<group>"; };
		847179542A2DD023005DE601 /* SwipeTableViewController.swift */ = {isa = PBXFileReference; lastKnownFileType = sourcecode.swift; path = SwipeTableViewController.swift; sourceTree = "<group>"; };
/* End PBXFileReference section */

/* Begin PBXFrameworksBuildPhase section */
		842488772A251E5F00879877 /* Frameworks */ = {
			isa = PBXFrameworksBuildPhase;
			buildActionMask = 2147483647;
			files = (
				841677882A292B4600BC90C8 /* RealmSwift in Frameworks */,
				84426AE82A2B945800772F0C /* SwipeCellKit in Frameworks */,
				841677862A292B4600BC90C8 /* Realm in Frameworks */,
			);
			runOnlyForDeploymentPostprocessing = 0;
		};
/* End PBXFrameworksBuildPhase section */

/* Begin PBXGroup section */
		841677572A25ACF400BC90C8 /* DataModel */ = {
			isa = PBXGroup;
			children = (
				8416775A2A27C30000BC90C8 /* DataModel.xcdatamodeld */,
			);
			path = DataModel;
			sourceTree = "<group>";
		};
		842488712A251E5F00879877 = {
			isa = PBXGroup;
			children = (
				8424887C2A251E5F00879877 /* Todoey */,
				8424887B2A251E5F00879877 /* Products */,
			);
			sourceTree = "<group>";
		};
		8424887B2A251E5F00879877 /* Products */ = {
			isa = PBXGroup;
			children = (
				8424887A2A251E5F00879877 /* Todoey.app */,
			);
			name = Products;
			sourceTree = "<group>";
		};
		8424887C2A251E5F00879877 /* Todoey */ = {
			isa = PBXGroup;
			children = (
				842488942A251F0600879877 /* Model */,
				842488912A251EEB00879877 /* View */,
				842488922A251EEF00879877 /* Controller */,
				8424887D2A251E5F00879877 /* AppDelegate.swift */,
				8424887F2A251E5F00879877 /* SceneDelegate.swift */,
				842488862A251E6100879877 /* Assets.xcassets */,
				842488882A251E6100879877 /* LaunchScreen.storyboard */,
				8424888B2A251E6100879877 /* Info.plist */,
			);
			path = Todoey;
			sourceTree = "<group>";
		};
		842488912A251EEB00879877 /* View */ = {
			isa = PBXGroup;
			children = (
				842488952A251F2300879877 /* CustomView.swift */,
				841677822A28DACC00BC90C8 /* CategoryView.swift */,
				8424889B2A251F9E00879877 /* TodoView.swift */,
				84426AE92A2B970E00772F0C /* SwipeCell.swift */,
			);
			path = View;
			sourceTree = "<group>";
		};
		842488922A251EEF00879877 /* Controller */ = {
			isa = PBXGroup;
			children = (
				842488972A251F2E00879877 /* CustomViewController.swift */,
				841677802A28DABE00BC90C8 /* CategoryViewController.swift */,
				842488992A251F8D00879877 /* TodoViewController.swift */,
				847179542A2DD023005DE601 /* SwipeTableViewController.swift */,
			);
			path = Controller;
			sourceTree = "<group>";
		};
		842488942A251F0600879877 /* Model */ = {
			isa = PBXGroup;
			children = (
				841677572A25ACF400BC90C8 /* DataModel */,
			);
			path = Model;
			sourceTree = "<group>";
		};
/* End PBXGroup section */

/* Begin PBXNativeTarget section */
		842488792A251E5F00879877 /* Todoey */ = {
			isa = PBXNativeTarget;
			buildConfigurationList = 8424888E2A251E6100879877 /* Build configuration list for PBXNativeTarget "Todoey" */;
			buildPhases = (
				842488762A251E5F00879877 /* Sources */,
				842488772A251E5F00879877 /* Frameworks */,
				842488782A251E5F00879877 /* Resources */,
			);
			buildRules = (
			);
			dependencies = (
			);
			name = Todoey;
			packageProductDependencies = (
				841677852A292B4600BC90C8 /* Realm */,
				841677872A292B4600BC90C8 /* RealmSwift */,
				84426AE72A2B945800772F0C /* SwipeCellKit */,
			);
			productName = Todoey;
			productReference = 8424887A2A251E5F00879877 /* Todoey.app */;
			productType = "com.apple.product-type.application";
		};
/* End PBXNativeTarget section */

/* Begin PBXProject section */
		842488722A251E5F00879877 /* Project object */ = {
			isa = PBXProject;
			attributes = {
				BuildIndependentTargetsInParallel = 1;
				LastSwiftUpdateCheck = 1420;
				LastUpgradeCheck = 1420;
				TargetAttributes = {
					842488792A251E5F00879877 = {
						CreatedOnToolsVersion = 14.2;
					};
				};
			};
			buildConfigurationList = 842488752A251E5F00879877 /* Build configuration list for PBXProject "Todoey" */;
			compatibilityVersion = "Xcode 14.0";
			developmentRegion = en;
			hasScannedForEncodings = 0;
			knownRegions = (
				en,
				Base,
			);
			mainGroup = 842488712A251E5F00879877;
			packageReferences = (
				841677842A292B4600BC90C8 /* XCRemoteSwiftPackageReference "realm-swift" */,
				84426AE62A2B945800772F0C /* XCRemoteSwiftPackageReference "SwipeCellKit" */,
			);
			productRefGroup = 8424887B2A251E5F00879877 /* Products */;
			projectDirPath = "";
			projectRoot = "";
			targets = (
				842488792A251E5F00879877 /* Todoey */,
			);
		};
/* End PBXProject section */

/* Begin PBXResourcesBuildPhase section */
		842488782A251E5F00879877 /* Resources */ = {
			isa = PBXResourcesBuildPhase;
			buildActionMask = 2147483647;
			files = (
				8424888A2A251E6100879877 /* LaunchScreen.storyboard in Resources */,
				842488872A251E6100879877 /* Assets.xcassets in Resources */,
			);
			runOnlyForDeploymentPostprocessing = 0;
		};
/* End PBXResourcesBuildPhase section */

/* Begin PBXSourcesBuildPhase section */
		842488762A251E5F00879877 /* Sources */ = {
			isa = PBXSourcesBuildPhase;
			buildActionMask = 2147483647;
			files = (
				84426AEA2A2B970E00772F0C /* SwipeCell.swift in Sources */,
				8424889C2A251F9E00879877 /* TodoView.swift in Sources */,
				847179552A2DD023005DE601 /* SwipeTableViewController.swift in Sources */,
				8416775C2A27C30000BC90C8 /* DataModel.xcdatamodeld in Sources */,
				8424889A2A251F8D00879877 /* TodoViewController.swift in Sources */,
				842488962A251F2300879877 /* CustomView.swift in Sources */,
				841677812A28DABE00BC90C8 /* CategoryViewController.swift in Sources */,
				8424887E2A251E5F00879877 /* AppDelegate.swift in Sources */,
				842488802A251E5F00879877 /* SceneDelegate.swift in Sources */,
				842488982A251F2E00879877 /* CustomViewController.swift in Sources */,
				841677832A28DACC00BC90C8 /* CategoryView.swift in Sources */,
			);
			runOnlyForDeploymentPostprocessing = 0;
		};
/* End PBXSourcesBuildPhase section */

/* Begin PBXVariantGroup section */
		842488882A251E6100879877 /* LaunchScreen.storyboard */ = {
			isa = PBXVariantGroup;
			children = (
				842488892A251E6100879877 /* Base */,
			);
			name = LaunchScreen.storyboard;
			sourceTree = "<group>";
		};
/* End PBXVariantGroup section */

/* Begin XCBuildConfiguration section */
		8424888C2A251E6100879877 /* Debug */ = {
			isa = XCBuildConfiguration;
			buildSettings = {
				ALWAYS_SEARCH_USER_PATHS = NO;
				CLANG_ANALYZER_NONNULL = YES;
				CLANG_ANALYZER_NUMBER_OBJECT_CONVERSION = YES_AGGRESSIVE;
				CLANG_CXX_LANGUAGE_STANDARD = "gnu++20";
				CLANG_ENABLE_MODULES = YES;
				CLANG_ENABLE_OBJC_ARC = YES;
				CLANG_ENABLE_OBJC_WEAK = YES;
				CLANG_WARN_BLOCK_CAPTURE_AUTORELEASING = YES;
				CLANG_WARN_BOOL_CONVERSION = YES;
				CLANG_WARN_COMMA = YES;
				CLANG_WARN_CONSTANT_CONVERSION = YES;
				CLANG_WARN_DEPRECATED_OBJC_IMPLEMENTATIONS = YES;
				CLANG_WARN_DIRECT_OBJC_ISA_USAGE = YES_ERROR;
				CLANG_WARN_DOCUMENTATION_COMMENTS = YES;
				CLANG_WARN_EMPTY_BODY = YES;
				CLANG_WARN_ENUM_CONVERSION = YES;
				CLANG_WARN_INFINITE_RECURSION = YES;
				CLANG_WARN_INT_CONVERSION = YES;
				CLANG_WARN_NON_LITERAL_NULL_CONVERSION = YES;
				CLANG_WARN_OBJC_IMPLICIT_RETAIN_SELF = YES;
				CLANG_WARN_OBJC_LITERAL_CONVERSION = YES;
				CLANG_WARN_OBJC_ROOT_CLASS = YES_ERROR;
				CLANG_WARN_QUOTED_INCLUDE_IN_FRAMEWORK_HEADER = YES;
				CLANG_WARN_RANGE_LOOP_ANALYSIS = YES;
				CLANG_WARN_STRICT_PROTOTYPES = YES;
				CLANG_WARN_SUSPICIOUS_MOVE = YES;
				CLANG_WARN_UNGUARDED_AVAILABILITY = YES_AGGRESSIVE;
				CLANG_WARN_UNREACHABLE_CODE = YES;
				CLANG_WARN__DUPLICATE_METHOD_MATCH = YES;
				COPY_PHASE_STRIP = NO;
				DEBUG_INFORMATION_FORMAT = dwarf;
				ENABLE_STRICT_OBJC_MSGSEND = YES;
				ENABLE_TESTABILITY = YES;
				GCC_C_LANGUAGE_STANDARD = gnu11;
				GCC_DYNAMIC_NO_PIC = NO;
				GCC_NO_COMMON_BLOCKS = YES;
				GCC_OPTIMIZATION_LEVEL = 0;
				GCC_PREPROCESSOR_DEFINITIONS = (
					"DEBUG=1",
					"$(inherited)",
				);
				GCC_WARN_64_TO_32_BIT_CONVERSION = YES;
				GCC_WARN_ABOUT_RETURN_TYPE = YES_ERROR;
				GCC_WARN_UNDECLARED_SELECTOR = YES;
				GCC_WARN_UNINITIALIZED_AUTOS = YES_AGGRESSIVE;
				GCC_WARN_UNUSED_FUNCTION = YES;
				GCC_WARN_UNUSED_VARIABLE = YES;
				IPHONEOS_DEPLOYMENT_TARGET = 16.2;
				MTL_ENABLE_DEBUG_INFO = INCLUDE_SOURCE;
				MTL_FAST_MATH = YES;
				ONLY_ACTIVE_ARCH = YES;
				SDKROOT = iphoneos;
				SWIFT_ACTIVE_COMPILATION_CONDITIONS = DEBUG;
				SWIFT_OPTIMIZATION_LEVEL = "-Onone";
			};
			name = Debug;
		};
		8424888D2A251E6100879877 /* Release */ = {
			isa = XCBuildConfiguration;
			buildSettings = {
				ALWAYS_SEARCH_USER_PATHS = NO;
				CLANG_ANALYZER_NONNULL = YES;
				CLANG_ANALYZER_NUMBER_OBJECT_CONVERSION = YES_AGGRESSIVE;
				CLANG_CXX_LANGUAGE_STANDARD = "gnu++20";
				CLANG_ENABLE_MODULES = YES;
				CLANG_ENABLE_OBJC_ARC = YES;
				CLANG_ENABLE_OBJC_WEAK = YES;
				CLANG_WARN_BLOCK_CAPTURE_AUTORELEASING = YES;
				CLANG_WARN_BOOL_CONVERSION = YES;
				CLANG_WARN_COMMA = YES;
				CLANG_WARN_CONSTANT_CONVERSION = YES;
				CLANG_WARN_DEPRECATED_OBJC_IMPLEMENTATIONS = YES;
				CLANG_WARN_DIRECT_OBJC_ISA_USAGE = YES_ERROR;
				CLANG_WARN_DOCUMENTATION_COMMENTS = YES;
				CLANG_WARN_EMPTY_BODY = YES;
				CLANG_WARN_ENUM_CONVERSION = YES;
				CLANG_WARN_INFINITE_RECURSION = YES;
				CLANG_WARN_INT_CONVERSION = YES;
				CLANG_WARN_NON_LITERAL_NULL_CONVERSION = YES;
				CLANG_WARN_OBJC_IMPLICIT_RETAIN_SELF = YES;
				CLANG_WARN_OBJC_LITERAL_CONVERSION = YES;
				CLANG_WARN_OBJC_ROOT_CLASS = YES_ERROR;
				CLANG_WARN_QUOTED_INCLUDE_IN_FRAMEWORK_HEADER = YES;
				CLANG_WARN_RANGE_LOOP_ANALYSIS = YES;
				CLANG_WARN_STRICT_PROTOTYPES = YES;
				CLANG_WARN_SUSPICIOUS_MOVE = YES;
				CLANG_WARN_UNGUARDED_AVAILABILITY = YES_AGGRESSIVE;
				CLANG_WARN_UNREACHABLE_CODE = YES;
				CLANG_WARN__DUPLICATE_METHOD_MATCH = YES;
				COPY_PHASE_STRIP = NO;
				DEBUG_INFORMATION_FORMAT = "dwarf-with-dsym";
				ENABLE_NS_ASSERTIONS = NO;
				ENABLE_STRICT_OBJC_MSGSEND = YES;
				GCC_C_LANGUAGE_STANDARD = gnu11;
				GCC_NO_COMMON_BLOCKS = YES;
				GCC_WARN_64_TO_32_BIT_CONVERSION = YES;
				GCC_WARN_ABOUT_RETURN_TYPE = YES_ERROR;
				GCC_WARN_UNDECLARED_SELECTOR = YES;
				GCC_WARN_UNINITIALIZED_AUTOS = YES_AGGRESSIVE;
				GCC_WARN_UNUSED_FUNCTION = YES;
				GCC_WARN_UNUSED_VARIABLE = YES;
				IPHONEOS_DEPLOYMENT_TARGET = 16.2;
				MTL_ENABLE_DEBUG_INFO = NO;
				MTL_FAST_MATH = YES;
				SDKROOT = iphoneos;
				SWIFT_COMPILATION_MODE = wholemodule;
				SWIFT_OPTIMIZATION_LEVEL = "-O";
				VALIDATE_PRODUCT = YES;
			};
			name = Release;
		};
		8424888F2A251E6100879877 /* Debug */ = {
			isa = XCBuildConfiguration;
			buildSettings = {
				ASSETCATALOG_COMPILER_APPICON_NAME = AppIcon;
				ASSETCATALOG_COMPILER_GLOBAL_ACCENT_COLOR_NAME = AccentColor;
				CODE_SIGN_STYLE = Automatic;
				CURRENT_PROJECT_VERSION = 1;
				DEVELOPMENT_TEAM = M4F6PT832U;
				GENERATE_INFOPLIST_FILE = YES;
				INFOPLIST_FILE = Todoey/Info.plist;
				INFOPLIST_KEY_UIApplicationSupportsIndirectInputEvents = YES;
				INFOPLIST_KEY_UILaunchStoryboardName = LaunchScreen;
				INFOPLIST_KEY_UISupportedInterfaceOrientations = UIInterfaceOrientationPortrait;
				INFOPLIST_KEY_UISupportedInterfaceOrientations_iPad = "UIInterfaceOrientationLandscapeLeft UIInterfaceOrientationLandscapeRight UIInterfaceOrientationPortrait UIInterfaceOrientationPortraitUpsideDown";
				IPHONEOS_DEPLOYMENT_TARGET = 16.0;
				LD_RUNPATH_SEARCH_PATHS = (
					"$(inherited)",
					"@executable_path/Frameworks",
				);
				MARKETING_VERSION = 1.0;
				PRODUCT_BUNDLE_IDENTIFIER = com.anmik.Todoey;
				PRODUCT_NAME = "$(TARGET_NAME)";
				SUPPORTED_PLATFORMS = "iphoneos iphonesimulator";
				SUPPORTS_MACCATALYST = NO;
				SUPPORTS_MAC_DESIGNED_FOR_IPHONE_IPAD = NO;
				SWIFT_EMIT_LOC_STRINGS = YES;
				SWIFT_VERSION = 5.0;
				TARGETED_DEVICE_FAMILY = 1;
			};
			name = Debug;
		};
		842488902A251E6100879877 /* Release */ = {
			isa = XCBuildConfiguration;
			buildSettings = {
				ASSETCATALOG_COMPILER_APPICON_NAME = AppIcon;
				ASSETCATALOG_COMPILER_GLOBAL_ACCENT_COLOR_NAME = AccentColor;
				CODE_SIGN_STYLE = Automatic;
				CURRENT_PROJECT_VERSION = 1;
				DEVELOPMENT_TEAM = M4F6PT832U;
				GENERATE_INFOPLIST_FILE = YES;
				INFOPLIST_FILE = Todoey/Info.plist;
				INFOPLIST_KEY_UIApplicationSupportsIndirectInputEvents = YES;
				INFOPLIST_KEY_UILaunchStoryboardName = LaunchScreen;
				INFOPLIST_KEY_UISupportedInterfaceOrientations = UIInterfaceOrientationPortrait;
				INFOPLIST_KEY_UISupportedInterfaceOrientations_iPad = "UIInterfaceOrientationLandscapeLeft UIInterfaceOrientationLandscapeRight UIInterfaceOrientationPortrait UIInterfaceOrientationPortraitUpsideDown";
				IPHONEOS_DEPLOYMENT_TARGET = 16.0;
				LD_RUNPATH_SEARCH_PATHS = (
					"$(inherited)",
					"@executable_path/Frameworks",
				);
				MARKETING_VERSION = 1.0;
				PRODUCT_BUNDLE_IDENTIFIER = com.anmik.Todoey;
				PRODUCT_NAME = "$(TARGET_NAME)";
				SUPPORTED_PLATFORMS = "iphoneos iphonesimulator";
				SUPPORTS_MACCATALYST = NO;
				SUPPORTS_MAC_DESIGNED_FOR_IPHONE_IPAD = NO;
				SWIFT_EMIT_LOC_STRINGS = YES;
				SWIFT_VERSION = 5.0;
				TARGETED_DEVICE_FAMILY = 1;
			};
			name = Release;
		};
/* End XCBuildConfiguration section */

/* Begin XCConfigurationList section */
		842488752A251E5F00879877 /* Build configuration list for PBXProject "Todoey" */ = {
			isa = XCConfigurationList;
			buildConfigurations = (
				8424888C2A251E6100879877 /* Debug */,
				8424888D2A251E6100879877 /* Release */,
			);
			defaultConfigurationIsVisible = 0;
			defaultConfigurationName = Release;
		};
		8424888E2A251E6100879877 /* Build configuration list for PBXNativeTarget "Todoey" */ = {
			isa = XCConfigurationList;
			buildConfigurations = (
				8424888F2A251E6100879877 /* Debug */,
				842488902A251E6100879877 /* Release */,
			);
			defaultConfigurationIsVisible = 0;
			defaultConfigurationName = Release;
		};
/* End XCConfigurationList section */

/* Begin XCRemoteSwiftPackageReference section */
		841677842A292B4600BC90C8 /* XCRemoteSwiftPackageReference "realm-swift" */ = {
			isa = XCRemoteSwiftPackageReference;
			repositoryURL = "https://github.com/realm/realm-swift.git";
			requirement = {
				branch = master;
				kind = branch;
			};
		};
		84426AE62A2B945800772F0C /* XCRemoteSwiftPackageReference "SwipeCellKit" */ = {
			isa = XCRemoteSwiftPackageReference;
			repositoryURL = "https://github.com/SwipeCellKit/SwipeCellKit";
			requirement = {
				kind = exactVersion;
				version = 2.7.1;
			};
		};
/* End XCRemoteSwiftPackageReference section */

/* Begin XCSwiftPackageProductDependency section */
		841677852A292B4600BC90C8 /* Realm */ = {
			isa = XCSwiftPackageProductDependency;
			package = 841677842A292B4600BC90C8 /* XCRemoteSwiftPackageReference "realm-swift" */;
			productName = Realm;
		};
		841677872A292B4600BC90C8 /* RealmSwift */ = {
			isa = XCSwiftPackageProductDependency;
			package = 841677842A292B4600BC90C8 /* XCRemoteSwiftPackageReference "realm-swift" */;
			productName = RealmSwift;
		};
		84426AE72A2B945800772F0C /* SwipeCellKit */ = {
			isa = XCSwiftPackageProductDependency;
			package = 84426AE62A2B945800772F0C /* XCRemoteSwiftPackageReference "SwipeCellKit" */;
			productName = SwipeCellKit;
		};
/* End XCSwiftPackageProductDependency section */

/* Begin XCVersionGroup section */
		8416775A2A27C30000BC90C8 /* DataModel.xcdatamodeld */ = {
			isa = XCVersionGroup;
			children = (
				8416775B2A27C30000BC90C8 /* DataModel.xcdatamodel */,
			);
			currentVersion = 8416775B2A27C30000BC90C8 /* DataModel.xcdatamodel */;
			path = DataModel.xcdatamodeld;
			sourceTree = "<group>";
			versionGroupType = wrapper.xcdatamodel;
		};
/* End XCVersionGroup section */
	};
	rootObject = 842488722A251E5F00879877 /* Project object */;
}
